// !$*UTF8*$!
{
	archiveVersion = 1;
	classes = {
	};
	objectVersion = 50;
	objects = {

/* Begin PBXBuildFile section */
		4C2925E0214F3B0F0029996D /* NewsTableViewCell.swift in Sources */ = {isa = PBXBuildFile; fileRef = 4C2925DF214F3B0F0029996D /* NewsTableViewCell.swift */; };
		4C2925E4214F3FA40029996D /* Extensions.swift in Sources */ = {isa = PBXBuildFile; fileRef = 4C2925E3214F3FA40029996D /* Extensions.swift */; };
		4C2925E6214F40C40029996D /* NewsCell.swift in Sources */ = {isa = PBXBuildFile; fileRef = 4C2925E5214F40C40029996D /* NewsCell.swift */; };
		4C2B5EDE214EEFFE0098B508 /* AppDelegate.swift in Sources */ = {isa = PBXBuildFile; fileRef = 4C2B5EDD214EEFFE0098B508 /* AppDelegate.swift */; };
		4C2B5EE0214EEFFE0098B508 /* ViewController.swift in Sources */ = {isa = PBXBuildFile; fileRef = 4C2B5EDF214EEFFE0098B508 /* ViewController.swift */; };
		4C2B5EE5214EF0000098B508 /* Assets.xcassets in Resources */ = {isa = PBXBuildFile; fileRef = 4C2B5EE4214EF0000098B508 /* Assets.xcassets */; };
		4C2B5EE8214EF0000098B508 /* LaunchScreen.storyboard in Resources */ = {isa = PBXBuildFile; fileRef = 4C2B5EE6214EF0000098B508 /* LaunchScreen.storyboard */; };
		4C376A6421584F9B007259E1 /* UserDefaultsExtension.swift in Sources */ = {isa = PBXBuildFile; fileRef = 4C376A6321584F9B007259E1 /* UserDefaultsExtension.swift */; };
		4C3ACAF2215C4F960028A8A0 /* TestInject.swift in Sources */ = {isa = PBXBuildFile; fileRef = 4C3ACAF1215C4F960028A8A0 /* TestInject.swift */; };
		4C531D982152921500B403CE /* BubbleCell.swift in Sources */ = {isa = PBXBuildFile; fileRef = 4C531D972152921500B403CE /* BubbleCell.swift */; };
		4C531D9A2152930200B403CE /* CircleLayout.swift in Sources */ = {isa = PBXBuildFile; fileRef = 4C531D992152930200B403CE /* CircleLayout.swift */; };
		4C53A7D7215829F200EBCA4A /* SMMRY.swift in Sources */ = {isa = PBXBuildFile; fileRef = 4C53A7D6215829F200EBCA4A /* SMMRY.swift */; };
		4C53A7D921583EEA00EBCA4A /* Configuration.plist in Resources */ = {isa = PBXBuildFile; fileRef = 4C53A7D821583EEA00EBCA4A /* Configuration.plist */; };
		4C5A64342154B82D00AE4444 /* News.swift in Sources */ = {isa = PBXBuildFile; fileRef = 4C5A64332154B82D00AE4444 /* News.swift */; };
		4C5A64372155316400AE4444 /* PageViewController.swift in Sources */ = {isa = PBXBuildFile; fileRef = 4C5A64362155316400AE4444 /* PageViewController.swift */; };
		4C5A64392155318600AE4444 /* Page.swift in Sources */ = {isa = PBXBuildFile; fileRef = 4C5A64382155318600AE4444 /* Page.swift */; };
		4C5A643B2155405C00AE4444 /* MainNavigationController.swift in Sources */ = {isa = PBXBuildFile; fileRef = 4C5A643A2155405C00AE4444 /* MainNavigationController.swift */; };
		4C5A643D2155A16200AE4444 /* Header.swift in Sources */ = {isa = PBXBuildFile; fileRef = 4C5A643C2155A16200AE4444 /* Header.swift */; };
		4C5A643F2155A50D00AE4444 /* ArticleCell.swift in Sources */ = {isa = PBXBuildFile; fileRef = 4C5A643E2155A50D00AE4444 /* ArticleCell.swift */; };
		4CE8CB97215CB57C0016F0B5 /* Reachability.swift in Sources */ = {isa = PBXBuildFile; fileRef = 4CE8CB96215CB57C0016F0B5 /* Reachability.swift */; };
		4CE8CB99215CC04B0016F0B5 /* ErrorViewController.swift in Sources */ = {isa = PBXBuildFile; fileRef = 4CE8CB98215CC04B0016F0B5 /* ErrorViewController.swift */; };
		4CF9D23D21518525002E1499 /* FooterView.swift in Sources */ = {isa = PBXBuildFile; fileRef = 4CF9D23C21518525002E1499 /* FooterView.swift */; };
/* End PBXBuildFile section */

/* Begin PBXFileReference section */
		4C2925DF214F3B0F0029996D /* NewsTableViewCell.swift */ = {isa = PBXFileReference; lastKnownFileType = sourcecode.swift; path = NewsTableViewCell.swift; sourceTree = "<group>"; };
		4C2925E3214F3FA40029996D /* Extensions.swift */ = {isa = PBXFileReference; lastKnownFileType = sourcecode.swift; path = Extensions.swift; sourceTree = "<group>"; };
		4C2925E5214F40C40029996D /* NewsCell.swift */ = {isa = PBXFileReference; lastKnownFileType = sourcecode.swift; path = NewsCell.swift; sourceTree = "<group>"; };
		4C2B5EDA214EEFFE0098B508 /* Coffee.app */ = {isa = PBXFileReference; explicitFileType = wrapper.application; includeInIndex = 0; path = Coffee.app; sourceTree = BUILT_PRODUCTS_DIR; };
		4C2B5EDD214EEFFE0098B508 /* AppDelegate.swift */ = {isa = PBXFileReference; lastKnownFileType = sourcecode.swift; path = AppDelegate.swift; sourceTree = "<group>"; };
		4C2B5EDF214EEFFE0098B508 /* ViewController.swift */ = {isa = PBXFileReference; lastKnownFileType = sourcecode.swift; path = ViewController.swift; sourceTree = "<group>"; };
		4C2B5EE4214EF0000098B508 /* Assets.xcassets */ = {isa = PBXFileReference; lastKnownFileType = folder.assetcatalog; path = Assets.xcassets; sourceTree = "<group>"; };
		4C2B5EE7214EF0000098B508 /* Base */ = {isa = PBXFileReference; lastKnownFileType = file.storyboard; name = Base; path = Base.lproj/LaunchScreen.storyboard; sourceTree = "<group>"; };
		4C2B5EE9214EF0000098B508 /* Info.plist */ = {isa = PBXFileReference; lastKnownFileType = text.plist.xml; path = Info.plist; sourceTree = "<group>"; };
		4C376A6321584F9B007259E1 /* UserDefaultsExtension.swift */ = {isa = PBXFileReference; fileEncoding = 4; lastKnownFileType = sourcecode.swift; path = UserDefaultsExtension.swift; sourceTree = "<group>"; };
		4C3ACAF1215C4F960028A8A0 /* TestInject.swift */ = {isa = PBXFileReference; lastKnownFileType = sourcecode.swift; path = TestInject.swift; sourceTree = "<group>"; };
		4C531D972152921500B403CE /* BubbleCell.swift */ = {isa = PBXFileReference; lastKnownFileType = sourcecode.swift; path = BubbleCell.swift; sourceTree = "<group>"; };
		4C531D992152930200B403CE /* CircleLayout.swift */ = {isa = PBXFileReference; lastKnownFileType = sourcecode.swift; path = CircleLayout.swift; sourceTree = "<group>"; };
		4C53A7D6215829F200EBCA4A /* SMMRY.swift */ = {isa = PBXFileReference; lastKnownFileType = sourcecode.swift; path = SMMRY.swift; sourceTree = "<group>"; };
		4C53A7D821583EEA00EBCA4A /* Configuration.plist */ = {isa = PBXFileReference; lastKnownFileType = text.plist.xml; path = Configuration.plist; sourceTree = "<group>"; };
		4C5A64332154B82D00AE4444 /* News.swift */ = {isa = PBXFileReference; lastKnownFileType = sourcecode.swift; path = News.swift; sourceTree = "<group>"; };
		4C5A64362155316400AE4444 /* PageViewController.swift */ = {isa = PBXFileReference; lastKnownFileType = sourcecode.swift; path = PageViewController.swift; sourceTree = "<group>"; };
		4C5A64382155318600AE4444 /* Page.swift */ = {isa = PBXFileReference; lastKnownFileType = sourcecode.swift; path = Page.swift; sourceTree = "<group>"; };
		4C5A643A2155405C00AE4444 /* MainNavigationController.swift */ = {isa = PBXFileReference; lastKnownFileType = sourcecode.swift; path = MainNavigationController.swift; sourceTree = "<group>"; };
		4C5A643C2155A16200AE4444 /* Header.swift */ = {isa = PBXFileReference; lastKnownFileType = sourcecode.swift; path = Header.swift; sourceTree = "<group>"; };
		4C5A643E2155A50D00AE4444 /* ArticleCell.swift */ = {isa = PBXFileReference; lastKnownFileType = sourcecode.swift; path = ArticleCell.swift; sourceTree = "<group>"; };
		4CE8CB96215CB57C0016F0B5 /* Reachability.swift */ = {isa = PBXFileReference; lastKnownFileType = sourcecode.swift; path = Reachability.swift; sourceTree = "<group>"; };
		4CE8CB98215CC04B0016F0B5 /* ErrorViewController.swift */ = {isa = PBXFileReference; lastKnownFileType = sourcecode.swift; path = ErrorViewController.swift; sourceTree = "<group>"; };
		4CF9D23C21518525002E1499 /* FooterView.swift */ = {isa = PBXFileReference; lastKnownFileType = sourcecode.swift; path = FooterView.swift; sourceTree = "<group>"; };
/* End PBXFileReference section */

/* Begin PBXFrameworksBuildPhase section */
		4C2B5ED7214EEFFE0098B508 /* Frameworks */ = {
			isa = PBXFrameworksBuildPhase;
			buildActionMask = 2147483647;
			files = (
			);
			runOnlyForDeploymentPostprocessing = 0;
		};
/* End PBXFrameworksBuildPhase section */

/* Begin PBXGroup section */
		4C2B5ED1214EEFFE0098B508 = {
			isa = PBXGroup;
			children = (
				4C2B5EDC214EEFFE0098B508 /* Coffee */,
				4C2B5EDB214EEFFE0098B508 /* Products */,
			);
			sourceTree = "<group>";
		};
		4C2B5EDB214EEFFE0098B508 /* Products */ = {
			isa = PBXGroup;
			children = (
				4C2B5EDA214EEFFE0098B508 /* Coffee.app */,
			);
			name = Products;
			sourceTree = "<group>";
		};
		4C2B5EDC214EEFFE0098B508 /* Coffee */ = {
			isa = PBXGroup;
			children = (
				4C5A643021549FB600AE4444 /* Views */,
				4C2B5EDD214EEFFE0098B508 /* AppDelegate.swift */,
				4C531D992152930200B403CE /* CircleLayout.swift */,
				4C5A64352155313B00AE4444 /* Controllers */,
				4C5A64322154B81C00AE4444 /* Model */,
				4C2925DF214F3B0F0029996D /* NewsTableViewCell.swift */,
				4C5A643121549FD500AE4444 /* Helpers */,
				4C2B5EE4214EF0000098B508 /* Assets.xcassets */,
				4C2B5EE6214EF0000098B508 /* LaunchScreen.storyboard */,
				4C2B5EE9214EF0000098B508 /* Info.plist */,
			);
			path = Coffee;
			sourceTree = "<group>";
		};
		4C5A643021549FB600AE4444 /* Views */ = {
			isa = PBXGroup;
			children = (
				4C2925E5214F40C40029996D /* NewsCell.swift */,
				4CF9D23C21518525002E1499 /* FooterView.swift */,
				4C531D972152921500B403CE /* BubbleCell.swift */,
				4C5A643E2155A50D00AE4444 /* ArticleCell.swift */,
			);
			path = Views;
			sourceTree = "<group>";
		};
		4C5A643121549FD500AE4444 /* Helpers */ = {
			isa = PBXGroup;
			children = (
				4C2925E3214F3FA40029996D /* Extensions.swift */,
				4C376A6321584F9B007259E1 /* UserDefaultsExtension.swift */,
				4C53A7D821583EEA00EBCA4A /* Configuration.plist */,
			);
			path = Helpers;
			sourceTree = "<group>";
		};
		4C5A64322154B81C00AE4444 /* Model */ = {
			isa = PBXGroup;
			children = (
				4C5A643C2155A16200AE4444 /* Header.swift */,
				4C5A64332154B82D00AE4444 /* News.swift */,
				4C53A7D6215829F200EBCA4A /* SMMRY.swift */,
				4CE8CB96215CB57C0016F0B5 /* Reachability.swift */,
			);
			path = Model;
			sourceTree = "<group>";
		};
		4C5A64352155313B00AE4444 /* Controllers */ = {
			isa = PBXGroup;
			children = (
				4C5A643A2155405C00AE4444 /* MainNavigationController.swift */,
				4C2B5EDF214EEFFE0098B508 /* ViewController.swift */,
				4C5A64362155316400AE4444 /* PageViewController.swift */,
				4C5A64382155318600AE4444 /* Page.swift */,
				4C3ACAF1215C4F960028A8A0 /* TestInject.swift */,
				4CE8CB98215CC04B0016F0B5 /* ErrorViewController.swift */,
			);
			path = Controllers;
			sourceTree = "<group>";
		};
/* End PBXGroup section */

/* Begin PBXNativeTarget section */
		4C2B5ED9214EEFFE0098B508 /* Coffee */ = {
			isa = PBXNativeTarget;
			buildConfigurationList = 4C2B5EEC214EF0000098B508 /* Build configuration list for PBXNativeTarget "Coffee" */;
			buildPhases = (
				4C2B5ED6214EEFFE0098B508 /* Sources */,
				4C2B5ED7214EEFFE0098B508 /* Frameworks */,
				4C2B5ED8214EEFFE0098B508 /* Resources */,
			);
			buildRules = (
			);
			dependencies = (
			);
			name = Coffee;
			productName = Coffee;
			productReference = 4C2B5EDA214EEFFE0098B508 /* Coffee.app */;
			productType = "com.apple.product-type.application";
		};
/* End PBXNativeTarget section */

/* Begin PBXProject section */
		4C2B5ED2214EEFFE0098B508 /* Project object */ = {
			isa = PBXProject;
			attributes = {
				LastSwiftUpdateCheck = 1000;
				LastUpgradeCheck = 1000;
				ORGANIZATIONNAME = "Michael Lema";
				TargetAttributes = {
					4C2B5ED9214EEFFE0098B508 = {
						CreatedOnToolsVersion = 10.0;
					};
				};
			};
			buildConfigurationList = 4C2B5ED5214EEFFE0098B508 /* Build configuration list for PBXProject "Coffee" */;
			compatibilityVersion = "Xcode 9.3";
			developmentRegion = en;
			hasScannedForEncodings = 0;
			knownRegions = (
				en,
				Base,
			);
			mainGroup = 4C2B5ED1214EEFFE0098B508;
			productRefGroup = 4C2B5EDB214EEFFE0098B508 /* Products */;
			projectDirPath = "";
			projectRoot = "";
			targets = (
				4C2B5ED9214EEFFE0098B508 /* Coffee */,
			);
		};
/* End PBXProject section */

/* Begin PBXResourcesBuildPhase section */
		4C2B5ED8214EEFFE0098B508 /* Resources */ = {
			isa = PBXResourcesBuildPhase;
			buildActionMask = 2147483647;
			files = (
				4C53A7D921583EEA00EBCA4A /* Configuration.plist in Resources */,
				4C2B5EE8214EF0000098B508 /* LaunchScreen.storyboard in Resources */,
				4C2B5EE5214EF0000098B508 /* Assets.xcassets in Resources */,
			);
			runOnlyForDeploymentPostprocessing = 0;
		};
/* End PBXResourcesBuildPhase section */

/* Begin PBXSourcesBuildPhase section */
		4C2B5ED6214EEFFE0098B508 /* Sources */ = {
			isa = PBXSourcesBuildPhase;
			buildActionMask = 2147483647;
			files = (
				4C2925E4214F3FA40029996D /* Extensions.swift in Sources */,
				4C5A643D2155A16200AE4444 /* Header.swift in Sources */,
				4CE8CB99215CC04B0016F0B5 /* ErrorViewController.swift in Sources */,
				4C5A64372155316400AE4444 /* PageViewController.swift in Sources */,
				4C2925E0214F3B0F0029996D /* NewsTableViewCell.swift in Sources */,
				4C5A643F2155A50D00AE4444 /* ArticleCell.swift in Sources */,
				4C53A7D7215829F200EBCA4A /* SMMRY.swift in Sources */,
				4C2B5EE0214EEFFE0098B508 /* ViewController.swift in Sources */,
				4C5A64342154B82D00AE4444 /* News.swift in Sources */,
				4C2925E6214F40C40029996D /* NewsCell.swift in Sources */,
				4C5A643B2155405C00AE4444 /* MainNavigationController.swift in Sources */,
				4C376A6421584F9B007259E1 /* UserDefaultsExtension.swift in Sources */,
				4C5A64392155318600AE4444 /* Page.swift in Sources */,
				4C531D982152921500B403CE /* BubbleCell.swift in Sources */,
				4C531D9A2152930200B403CE /* CircleLayout.swift in Sources */,
				4CE8CB97215CB57C0016F0B5 /* Reachability.swift in Sources */,
				4CF9D23D21518525002E1499 /* FooterView.swift in Sources */,
				4C2B5EDE214EEFFE0098B508 /* AppDelegate.swift in Sources */,
				4C3ACAF2215C4F960028A8A0 /* TestInject.swift in Sources */,
			);
			runOnlyForDeploymentPostprocessing = 0;
		};
/* End PBXSourcesBuildPhase section */

/* Begin PBXVariantGroup section */
		4C2B5EE6214EF0000098B508 /* LaunchScreen.storyboard */ = {
			isa = PBXVariantGroup;
			children = (
				4C2B5EE7214EF0000098B508 /* Base */,
			);
			name = LaunchScreen.storyboard;
			sourceTree = "<group>";
		};
/* End PBXVariantGroup section */

/* Begin XCBuildConfiguration section */
		4C2B5EEA214EF0000098B508 /* Debug */ = {
			isa = XCBuildConfiguration;
			buildSettings = {
				ALWAYS_SEARCH_USER_PATHS = NO;
				CLANG_ANALYZER_NONNULL = YES;
				CLANG_ANALYZER_NUMBER_OBJECT_CONVERSION = YES_AGGRESSIVE;
				CLANG_CXX_LANGUAGE_STANDARD = "gnu++14";
				CLANG_CXX_LIBRARY = "libc++";
				CLANG_ENABLE_MODULES = YES;
				CLANG_ENABLE_OBJC_ARC = YES;
				CLANG_ENABLE_OBJC_WEAK = YES;
				CLANG_WARN_BLOCK_CAPTURE_AUTORELEASING = YES;
				CLANG_WARN_BOOL_CONVERSION = YES;
				CLANG_WARN_COMMA = YES;
				CLANG_WARN_CONSTANT_CONVERSION = YES;
				CLANG_WARN_DEPRECATED_OBJC_IMPLEMENTATIONS = YES;
				CLANG_WARN_DIRECT_OBJC_ISA_USAGE = YES_ERROR;
				CLANG_WARN_DOCUMENTATION_COMMENTS = YES;
				CLANG_WARN_EMPTY_BODY = YES;
				CLANG_WARN_ENUM_CONVERSION = YES;
				CLANG_WARN_INFINITE_RECURSION = YES;
				CLANG_WARN_INT_CONVERSION = YES;
				CLANG_WARN_NON_LITERAL_NULL_CONVERSION = YES;
				CLANG_WARN_OBJC_IMPLICIT_RETAIN_SELF = YES;
				CLANG_WARN_OBJC_LITERAL_CONVERSION = YES;
				CLANG_WARN_OBJC_ROOT_CLASS = YES_ERROR;
				CLANG_WARN_RANGE_LOOP_ANALYSIS = YES;
				CLANG_WARN_STRICT_PROTOTYPES = YES;
				CLANG_WARN_SUSPICIOUS_MOVE = YES;
				CLANG_WARN_UNGUARDED_AVAILABILITY = YES_AGGRESSIVE;
				CLANG_WARN_UNREACHABLE_CODE = YES;
				CLANG_WARN__DUPLICATE_METHOD_MATCH = YES;
				CODE_SIGN_IDENTITY = "iPhone Developer";
				COPY_PHASE_STRIP = NO;
				DEBUG_INFORMATION_FORMAT = dwarf;
				ENABLE_STRICT_OBJC_MSGSEND = YES;
				ENABLE_TESTABILITY = YES;
				GCC_C_LANGUAGE_STANDARD = gnu11;
				GCC_DYNAMIC_NO_PIC = NO;
				GCC_NO_COMMON_BLOCKS = YES;
				GCC_OPTIMIZATION_LEVEL = 0;
				GCC_PREPROCESSOR_DEFINITIONS = (
					"DEBUG=1",
					"$(inherited)",
				);
				GCC_WARN_64_TO_32_BIT_CONVERSION = YES;
				GCC_WARN_ABOUT_RETURN_TYPE = YES_ERROR;
				GCC_WARN_UNDECLARED_SELECTOR = YES;
				GCC_WARN_UNINITIALIZED_AUTOS = YES_AGGRESSIVE;
				GCC_WARN_UNUSED_FUNCTION = YES;
				GCC_WARN_UNUSED_VARIABLE = YES;
				IPHONEOS_DEPLOYMENT_TARGET = 12.0;
				MTL_ENABLE_DEBUG_INFO = INCLUDE_SOURCE;
				MTL_FAST_MATH = YES;
				ONLY_ACTIVE_ARCH = YES;
				SDKROOT = iphoneos;
				SWIFT_ACTIVE_COMPILATION_CONDITIONS = DEBUG;
				SWIFT_OPTIMIZATION_LEVEL = "-Onone";
			};
			name = Debug;
		};
		4C2B5EEB214EF0000098B508 /* Release */ = {
			isa = XCBuildConfiguration;
			buildSettings = {
				ALWAYS_SEARCH_USER_PATHS = NO;
				CLANG_ANALYZER_NONNULL = YES;
				CLANG_ANALYZER_NUMBER_OBJECT_CONVERSION = YES_AGGRESSIVE;
				CLANG_CXX_LANGUAGE_STANDARD = "gnu++14";
				CLANG_CXX_LIBRARY = "libc++";
				CLANG_ENABLE_MODULES = YES;
				CLANG_ENABLE_OBJC_ARC = YES;
				CLANG_ENABLE_OBJC_WEAK = YES;
				CLANG_WARN_BLOCK_CAPTURE_AUTORELEASING = YES;
				CLANG_WARN_BOOL_CONVERSION = YES;
				CLANG_WARN_COMMA = YES;
				CLANG_WARN_CONSTANT_CONVERSION = YES;
				CLANG_WARN_DEPRECATED_OBJC_IMPLEMENTATIONS = YES;
				CLANG_WARN_DIRECT_OBJC_ISA_USAGE = YES_ERROR;
				CLANG_WARN_DOCUMENTATION_COMMENTS = YES;
				CLANG_WARN_EMPTY_BODY = YES;
				CLANG_WARN_ENUM_CONVERSION = YES;
				CLANG_WARN_INFINITE_RECURSION = YES;
				CLANG_WARN_INT_CONVERSION = YES;
				CLANG_WARN_NON_LITERAL_NULL_CONVERSION = YES;
				CLANG_WARN_OBJC_IMPLICIT_RETAIN_SELF = YES;
				CLANG_WARN_OBJC_LITERAL_CONVERSION = YES;
				CLANG_WARN_OBJC_ROOT_CLASS = YES_ERROR;
				CLANG_WARN_RANGE_LOOP_ANALYSIS = YES;
				CLANG_WARN_STRICT_PROTOTYPES = YES;
				CLANG_WARN_SUSPICIOUS_MOVE = YES;
				CLANG_WARN_UNGUARDED_AVAILABILITY = YES_AGGRESSIVE;
				CLANG_WARN_UNREACHABLE_CODE = YES;
				CLANG_WARN__DUPLICATE_METHOD_MATCH = YES;
				CODE_SIGN_IDENTITY = "iPhone Developer";
				COPY_PHASE_STRIP = NO;
				DEBUG_INFORMATION_FORMAT = "dwarf-with-dsym";
				ENABLE_NS_ASSERTIONS = NO;
				ENABLE_STRICT_OBJC_MSGSEND = YES;
				GCC_C_LANGUAGE_STANDARD = gnu11;
				GCC_NO_COMMON_BLOCKS = YES;
				GCC_WARN_64_TO_32_BIT_CONVERSION = YES;
				GCC_WARN_ABOUT_RETURN_TYPE = YES_ERROR;
				GCC_WARN_UNDECLARED_SELECTOR = YES;
				GCC_WARN_UNINITIALIZED_AUTOS = YES_AGGRESSIVE;
				GCC_WARN_UNUSED_FUNCTION = YES;
				GCC_WARN_UNUSED_VARIABLE = YES;
				IPHONEOS_DEPLOYMENT_TARGET = 12.0;
				MTL_ENABLE_DEBUG_INFO = NO;
				MTL_FAST_MATH = YES;
				SDKROOT = iphoneos;
				SWIFT_COMPILATION_MODE = wholemodule;
				SWIFT_OPTIMIZATION_LEVEL = "-O";
				VALIDATE_PRODUCT = YES;
			};
			name = Release;
		};
		4C2B5EED214EF0000098B508 /* Debug */ = {
			isa = XCBuildConfiguration;
			buildSettings = {
				ASSETCATALOG_COMPILER_APPICON_NAME = AppIcon;
				CODE_SIGN_STYLE = Automatic;
				DEVELOPMENT_TEAM = MFNQ54N2S6;
				INFOPLIST_FILE = Coffee/Info.plist;
				IPHONEOS_DEPLOYMENT_TARGET = 10.0;
				LD_RUNPATH_SEARCH_PATHS = (
					"$(inherited)",
					"@executable_path/Frameworks",
				);
				PRODUCT_BUNDLE_IDENTIFIER = com.lema.Coffee;
				PRODUCT_NAME = "$(TARGET_NAME)";
				SWIFT_VERSION = 4.2;
				TARGETED_DEVICE_FAMILY = "1,2";
			};
			name = Debug;
		};
		4C2B5EEE214EF0000098B508 /* Release */ = {
			isa = XCBuildConfiguration;
			buildSettings = {
				ASSETCATALOG_COMPILER_APPICON_NAME = AppIcon;
				CODE_SIGN_STYLE = Automatic;
				DEVELOPMENT_TEAM = MFNQ54N2S6;
				INFOPLIST_FILE = Coffee/Info.plist;
				IPHONEOS_DEPLOYMENT_TARGET = 10.0;
				LD_RUNPATH_SEARCH_PATHS = (
					"$(inherited)",
					"@executable_path/Frameworks",
				);
				PRODUCT_BUNDLE_IDENTIFIER = com.lema.Coffee;
				PRODUCT_NAME = "$(TARGET_NAME)";
				SWIFT_VERSION = 4.2;
				TARGETED_DEVICE_FAMILY = "1,2";
			};
			name = Release;
		};
/* End XCBuildConfiguration section */

/* Begin XCConfigurationList section */
		4C2B5ED5214EEFFE0098B508 /* Build configuration list for PBXProject "Coffee" */ = {
			isa = XCConfigurationList;
			buildConfigurations = (
				4C2B5EEA214EF0000098B508 /* Debug */,
				4C2B5EEB214EF0000098B508 /* Release */,
			);
			defaultConfigurationIsVisible = 0;
			defaultConfigurationName = Release;
		};
		4C2B5EEC214EF0000098B508 /* Build configuration list for PBXNativeTarget "Coffee" */ = {
			isa = XCConfigurationList;
			buildConfigurations = (
				4C2B5EED214EF0000098B508 /* Debug */,
				4C2B5EEE214EF0000098B508 /* Release */,
			);
			defaultConfigurationIsVisible = 0;
			defaultConfigurationName = Release;
		};
/* End XCConfigurationList section */
	};
	rootObject = 4C2B5ED2214EEFFE0098B508 /* Project object */;
}
